
Microsoft Visual Studio Solution File, Format Version 12.00
# Visual Studio Version 16
VisualStudioVersion = 16.0.30114.105
MinimumVisualStudioVersion = 10.0.40219.1
Project("{9A19103F-16F7-4668-BE54-9A1E7A4F7556}") = "Cuzdan.Core", "Cuzdan.Core\Cuzdan.Core.csproj", "{598604BF-767B-46F8-80CC-741994A03C6B}"
EndProject
Project("{9A19103F-16F7-4668-BE54-9A1E7A4F7556}") = "Cuzdan.Entity", "Cuzdan.Entity\Cuzdan.Entity.csproj", "{0A0507A8-A5D3-4F77-BD15-1D1284DF94F5}"
EndProject
Project("{9A19103F-16F7-4668-BE54-9A1E7A4F7556}") = "Cuzdan.DataAccess", "Cuzdan.DataAccess\Cuzdan.DataAccess.csproj", "{02E38911-9E26-4C26-8A0B-3C8B3B18F6E0}"
EndProject
Project("{9A19103F-16F7-4668-BE54-9A1E7A4F7556}") = "Cuzdan.Business", "Cuzdan.Business\Cuzdan.Business.csproj", "{87F909E4-5BA6-4B51-956B-6E5908C2330D}"
EndProject
Project("{9A19103F-16F7-4668-BE54-9A1E7A4F7556}") = "Cuzdan.MvcWebUI", "Cuzdan.MvcWebUI\Cuzdan.MvcWebUI.csproj", "{C07895A0-D02E-439F-A9E1-A71D978DD64A}"
EndProject
Global
	GlobalSection(SolutionConfigurationPlatforms) = preSolution
		Debug|Any CPU = Debug|Any CPU
		Release|Any CPU = Release|Any CPU
	EndGlobalSection
	GlobalSection(ProjectConfigurationPlatforms) = postSolution
		{598604BF-767B-46F8-80CC-741994A03C6B}.Debug|Any CPU.ActiveCfg = Debug|Any CPU
		{598604BF-767B-46F8-80CC-741994A03C6B}.Debug|Any CPU.Build.0 = Debug|Any CPU
		{598604BF-767B-46F8-80CC-741994A03C6B}.Release|Any CPU.ActiveCfg = Release|Any CPU
		{598604BF-767B-46F8-80CC-741994A03C6B}.Release|Any CPU.Build.0 = Release|Any CPU
		{0A0507A8-A5D3-4F77-BD15-1D1284DF94F5}.Debug|Any CPU.ActiveCfg = Debug|Any CPU
		{0A0507A8-A5D3-4F77-BD15-1D1284DF94F5}.Debug|Any CPU.Build.0 = Debug|Any CPU
		{0A0507A8-A5D3-4F77-BD15-1D1284DF94F5}.Release|Any CPU.ActiveCfg = Release|Any CPU
		{0A0507A8-A5D3-4F77-BD15-1D1284DF94F5}.Release|Any CPU.Build.0 = Release|Any CPU
		{02E38911-9E26-4C26-8A0B-3C8B3B18F6E0}.Debug|Any CPU.ActiveCfg = Debug|Any CPU
		{02E38911-9E26-4C26-8A0B-3C8B3B18F6E0}.Debug|Any CPU.Build.0 = Debug|Any CPU
		{02E38911-9E26-4C26-8A0B-3C8B3B18F6E0}.Release|Any CPU.ActiveCfg = Release|Any CPU
		{02E38911-9E26-4C26-8A0B-3C8B3B18F6E0}.Release|Any CPU.Build.0 = Release|Any CPU
		{87F909E4-5BA6-4B51-956B-6E5908C2330D}.Debug|Any CPU.ActiveCfg = Debug|Any CPU
		{87F909E4-5BA6-4B51-956B-6E5908C2330D}.Debug|Any CPU.Build.0 = Debug|Any CPU
		{87F909E4-5BA6-4B51-956B-6E5908C2330D}.Release|Any CPU.ActiveCfg = Release|Any CPU
		{87F909E4-5BA6-4B51-956B-6E5908C2330D}.Release|Any CPU.Build.0 = Release|Any CPU
		{C07895A0-D02E-439F-A9E1-A71D978DD64A}.Debug|Any CPU.ActiveCfg = Debug|Any CPU
		{C07895A0-D02E-439F-A9E1-A71D978DD64A}.Debug|Any CPU.Build.0 = Debug|Any CPU
		{C07895A0-D02E-439F-A9E1-A71D978DD64A}.Release|Any CPU.ActiveCfg = Release|Any CPU
		{C07895A0-D02E-439F-A9E1-A71D978DD64A}.Release|Any CPU.Build.0 = Release|Any CPU
	EndGlobalSection
	GlobalSection(SolutionProperties) = preSolution
		HideSolutionNode = FALSE
	EndGlobalSection
	GlobalSection(ExtensibilityGlobals) = postSolution
		SolutionGuid = {7993AF10-D5C1-4631-8528-9E369EA50441}
	EndGlobalSection
EndGlobal
